
Microsoft Visual Studio Solution File, Format Version 12.00
# Visual Studio Version 17
VisualStudioVersion = 17.3.32901.215
MinimumVisualStudioVersion = 10.0.40219.1
Project("{FAE04EC0-301F-11D3-BF4B-00C04F79EFBC}") = "pryBaseDatoSocio", "pryBaseDatoSocio\pryBaseDatoSocio.csproj", "{079FE992-7AB2-4E3F-B827-C9FDB10DC89D}"
EndProject
Global
	GlobalSection(SolutionConfigurationPlatforms) = preSolution
		Debug|Any CPU = Debug|Any CPU
		Release|Any CPU = Release|Any CPU
	EndGlobalSection
	GlobalSection(ProjectConfigurationPlatforms) = postSolution
		{079FE992-7AB2-4E3F-B827-C9FDB10DC89D}.Debug|Any CPU.ActiveCfg = Debug|Any CPU
		{079FE992-7AB2-4E3F-B827-C9FDB10DC89D}.Debug|Any CPU.Build.0 = Debug|Any CPU
		{079FE992-7AB2-4E3F-B827-C9FDB10DC89D}.Release|Any CPU.ActiveCfg = Release|Any CPU
		{079FE992-7AB2-4E3F-B827-C9FDB10DC89D}.Release|Any CPU.Build.0 = Release|Any CPU
	EndGlobalSection
	GlobalSection(SolutionProperties) = preSolution
		HideSolutionNode = FALSE
	EndGlobalSection
	GlobalSection(ExtensibilityGlobals) = postSolution
		SolutionGuid = {9552772A-006C-4E97-9521-0CB675603881}
	EndGlobalSection
EndGlobal
